
Microsoft Visual Studio Solution File, Format Version 12.00
# Visual Studio 14
VisualStudioVersion = 14.0.25420.1
MinimumVisualStudioVersion = 10.0.40219.1
Project("{FAE04EC0-301F-11D3-BF4B-00C04F79EFBC}") = "Site.Web", "Site\Site.Web.csproj", "{DAC4009F-7ADF-4D83-B270-BD6878C257CF}"
	ProjectSection(ProjectDependencies) = postProject
		{C92BBC01-94E9-4D00-B6B5-2E49E4CD2C5B} = {C92BBC01-94E9-4D00-B6B5-2E49E4CD2C5B}
	EndProjectSection
EndProject
Project("{FAE04EC0-301F-11D3-BF4B-00C04F79EFBC}") = "Site.Datos", "Site.Datos\Site.Datos.csproj", "{C92BBC01-94E9-4D00-B6B5-2E49E4CD2C5B}"
EndProject
Global
	GlobalSection(SolutionConfigurationPlatforms) = preSolution
		Debug|Any CPU = Debug|Any CPU
		Release|Any CPU = Release|Any CPU
	EndGlobalSection
	GlobalSection(ProjectConfigurationPlatforms) = postSolution
		{DAC4009F-7ADF-4D83-B270-BD6878C257CF}.Debug|Any CPU.ActiveCfg = Debug|Any CPU
		{DAC4009F-7ADF-4D83-B270-BD6878C257CF}.Debug|Any CPU.Build.0 = Debug|Any CPU
		{DAC4009F-7ADF-4D83-B270-BD6878C257CF}.Release|Any CPU.ActiveCfg = Release|Any CPU
		{DAC4009F-7ADF-4D83-B270-BD6878C257CF}.Release|Any CPU.Build.0 = Release|Any CPU
		{C92BBC01-94E9-4D00-B6B5-2E49E4CD2C5B}.Debug|Any CPU.ActiveCfg = Debug|Any CPU
		{C92BBC01-94E9-4D00-B6B5-2E49E4CD2C5B}.Debug|Any CPU.Build.0 = Debug|Any CPU
		{C92BBC01-94E9-4D00-B6B5-2E49E4CD2C5B}.Release|Any CPU.ActiveCfg = Release|Any CPU
		{C92BBC01-94E9-4D00-B6B5-2E49E4CD2C5B}.Release|Any CPU.Build.0 = Release|Any CPU
	EndGlobalSection
	GlobalSection(SolutionProperties) = preSolution
		HideSolutionNode = FALSE
	EndGlobalSection
EndGlobal
